
Microsoft Visual Studio Solution File, Format Version 12.00
# Visual Studio Version 16
VisualStudioVersion = 16.0.30225.117
MinimumVisualStudioVersion = 10.0.40219.1
Project("{8BC9CEB8-8B4A-11D0-8D11-00A0C91BC942}") = "Debugger", "Debugger.vcxproj", "{50DB4BDE-8D0F-4A62-AE2E-1E69B6739C04}"
EndProject
Global
	GlobalSection(SolutionConfigurationPlatforms) = preSolution
		Debug|x64 = Debug|x64
		Debug|x86 = Debug|x86
		Release|x64 = Release|x64
		Release|x86 = Release|x86
	EndGlobalSection
	GlobalSection(ProjectConfigurationPlatforms) = postSolution
		{50DB4BDE-8D0F-4A62-AE2E-1E69B6739C04}.Debug|x64.ActiveCfg = Debug|x64
		{50DB4BDE-8D0F-4A62-AE2E-1E69B6739C04}.Debug|x64.Build.0 = Debug|x64
		{50DB4BDE-8D0F-4A62-AE2E-1E69B6739C04}.Debug|x86.ActiveCfg = Debug|Win32
		{50DB4BDE-8D0F-4A62-AE2E-1E69B6739C04}.Debug|x86.Build.0 = Debug|Win32
		{50DB4BDE-8D0F-4A62-AE2E-1E69B6739C04}.Release|x64.ActiveCfg = Release|x64
		{50DB4BDE-8D0F-4A62-AE2E-1E69B6739C04}.Release|x64.Build.0 = Release|x64
		{50DB4BDE-8D0F-4A62-AE2E-1E69B6739C04}.Release|x86.ActiveCfg = Release|Win32
		{50DB4BDE-8D0F-4A62-AE2E-1E69B6739C04}.Release|x86.Build.0 = Release|Win32
	EndGlobalSection
	GlobalSection(SolutionProperties) = preSolution
		HideSolutionNode = FALSE
	EndGlobalSection
	GlobalSection(ExtensibilityGlobals) = postSolution
		SolutionGuid = {364B3C90-4A71-4B08-B5FC-05A8EC49474A}
	EndGlobalSection
EndGlobal
